
Microsoft Visual Studio Solution File, Format Version 10.00
# Visual Studio 2008
Project("{8BC9CEB8-8B4A-11D0-8D11-00A0C91BC942}") = "Test", "Test\Test.vcproj", "{689F2DDD-1858-499D-BA79-72BA02D00D45}"
	ProjectSection(ProjectDependencies) = postProject
		{6F4E1695-BBEF-46D1-B0C0-1B71A65FAD66} = {6F4E1695-BBEF-46D1-B0C0-1B71A65FAD66}
		{345E47D7-90E9-482B-AD10-C11CC828E197} = {345E47D7-90E9-482B-AD10-C11CC828E197}
	EndProjectSection
EndProject
Project("{8BC9CEB8-8B4A-11D0-8D11-00A0C91BC942}") = "r_code", "r_code\r_code.vcproj", "{6F4E1695-BBEF-46D1-B0C0-1B71A65FAD66}"
EndProject
Project("{8BC9CEB8-8B4A-11D0-8D11-00A0C91BC942}") = "r_comp", "r_comp\r_comp.vcproj", "{345E47D7-90E9-482B-AD10-C11CC828E197}"
	ProjectSection(ProjectDependencies) = postProject
		{6F4E1695-BBEF-46D1-B0C0-1B71A65FAD66} = {6F4E1695-BBEF-46D1-B0C0-1B71A65FAD66}
	EndProjectSection
EndProject
Project("{8BC9CEB8-8B4A-11D0-8D11-00A0C91BC942}") = "r_exec", "r_exec\r_exec.vcproj", "{B0178025-3156-4066-9F8A-994851D49C27}"
EndProject
Project("{8BC9CEB8-8B4A-11D0-8D11-00A0C91BC942}") = "integration", "Integration\Integration.vcproj", "{EB0AE095-4655-48BD-8C08-183E99F92B9C}"
EndProject
Project("{8BC9CEB8-8B4A-11D0-8D11-00A0C91BC942}") = "CoreLibrary", "..\CoreLibrary\CoreLibrary\CoreLibrary.vcproj", "{4F80B928-6CC8-45E2-A709-3CE78D226990}"
EndProject
Project("{8BC9CEB8-8B4A-11D0-8D11-00A0C91BC942}") = "Core", "..\mBrane\Core\Core.vcproj", "{458D8636-9459-4345-A5A6-E14B4F30F8EF}"
EndProject
Global
	GlobalSection(SolutionConfigurationPlatforms) = preSolution
		Debug|Win32 = Debug|Win32
		Release|Win32 = Release|Win32
	EndGlobalSection
	GlobalSection(ProjectConfigurationPlatforms) = postSolution
		{689F2DDD-1858-499D-BA79-72BA02D00D45}.Debug|Win32.ActiveCfg = Debug|Win32
		{689F2DDD-1858-499D-BA79-72BA02D00D45}.Debug|Win32.Build.0 = Debug|Win32
		{689F2DDD-1858-499D-BA79-72BA02D00D45}.Release|Win32.ActiveCfg = Release|Win32
		{689F2DDD-1858-499D-BA79-72BA02D00D45}.Release|Win32.Build.0 = Release|Win32
		{6F4E1695-BBEF-46D1-B0C0-1B71A65FAD66}.Debug|Win32.ActiveCfg = Debug|Win32
		{6F4E1695-BBEF-46D1-B0C0-1B71A65FAD66}.Debug|Win32.Build.0 = Debug|Win32
		{6F4E1695-BBEF-46D1-B0C0-1B71A65FAD66}.Release|Win32.ActiveCfg = Release|Win32
		{6F4E1695-BBEF-46D1-B0C0-1B71A65FAD66}.Release|Win32.Build.0 = Release|Win32
		{345E47D7-90E9-482B-AD10-C11CC828E197}.Debug|Win32.ActiveCfg = Debug|Win32
		{345E47D7-90E9-482B-AD10-C11CC828E197}.Debug|Win32.Build.0 = Debug|Win32
		{345E47D7-90E9-482B-AD10-C11CC828E197}.Release|Win32.ActiveCfg = Release|Win32
		{345E47D7-90E9-482B-AD10-C11CC828E197}.Release|Win32.Build.0 = Release|Win32
		{B0178025-3156-4066-9F8A-994851D49C27}.Debug|Win32.ActiveCfg = Debug|Win32
		{B0178025-3156-4066-9F8A-994851D49C27}.Debug|Win32.Build.0 = Debug|Win32
		{B0178025-3156-4066-9F8A-994851D49C27}.Release|Win32.ActiveCfg = Release|Win32
		{B0178025-3156-4066-9F8A-994851D49C27}.Release|Win32.Build.0 = Release|Win32
		{EB0AE095-4655-48BD-8C08-183E99F92B9C}.Debug|Win32.ActiveCfg = Debug|Win32
		{EB0AE095-4655-48BD-8C08-183E99F92B9C}.Debug|Win32.Build.0 = Debug|Win32
		{EB0AE095-4655-48BD-8C08-183E99F92B9C}.Release|Win32.ActiveCfg = Release|Win32
		{EB0AE095-4655-48BD-8C08-183E99F92B9C}.Release|Win32.Build.0 = Release|Win32
		{4F80B928-6CC8-45E2-A709-3CE78D226990}.Debug|Win32.ActiveCfg = Debug|Win32
		{4F80B928-6CC8-45E2-A709-3CE78D226990}.Debug|Win32.Build.0 = Debug|Win32
		{4F80B928-6CC8-45E2-A709-3CE78D226990}.Release|Win32.ActiveCfg = Release|Win32
		{4F80B928-6CC8-45E2-A709-3CE78D226990}.Release|Win32.Build.0 = Release|Win32
		{458D8636-9459-4345-A5A6-E14B4F30F8EF}.Debug|Win32.ActiveCfg = Debug|Win32
		{458D8636-9459-4345-A5A6-E14B4F30F8EF}.Debug|Win32.Build.0 = Debug|Win32
		{458D8636-9459-4345-A5A6-E14B4F30F8EF}.Release|Win32.ActiveCfg = Release|Win32
		{458D8636-9459-4345-A5A6-E14B4F30F8EF}.Release|Win32.Build.0 = Release|Win32
	EndGlobalSection
	GlobalSection(SolutionProperties) = preSolution
		HideSolutionNode = FALSE
	EndGlobalSection
EndGlobal
